
Microsoft Visual Studio Solution File, Format Version 12.00
# Visual Studio Version 17
VisualStudioVersion = 17.11.35312.102
MinimumVisualStudioVersion = 10.0.40219.1
Project("{FAE04EC0-301F-11D3-BF4B-00C04F79EFBC}") = "Calculadora", "Calculadora.csproj", "{6491A3EF-905A-4F55-8031-51C4C67D6A3A}"
EndProject
Global
	GlobalSection(SolutionConfigurationPlatforms) = preSolution
		Debug|Any CPU = Debug|Any CPU
		Release|Any CPU = Release|Any CPU
	EndGlobalSection
	GlobalSection(ProjectConfigurationPlatforms) = postSolution
		{6491A3EF-905A-4F55-8031-51C4C67D6A3A}.Debug|Any CPU.ActiveCfg = Debug|Any CPU
		{6491A3EF-905A-4F55-8031-51C4C67D6A3A}.Debug|Any CPU.Build.0 = Debug|Any CPU
		{6491A3EF-905A-4F55-8031-51C4C67D6A3A}.Release|Any CPU.ActiveCfg = Release|Any CPU
		{6491A3EF-905A-4F55-8031-51C4C67D6A3A}.Release|Any CPU.Build.0 = Release|Any CPU
	EndGlobalSection
	GlobalSection(SolutionProperties) = preSolution
		HideSolutionNode = FALSE
	EndGlobalSection
	GlobalSection(ExtensibilityGlobals) = postSolution
		SolutionGuid = {F3F2D7FB-AC6A-47A4-95F0-5FBEA2EFB805}
	EndGlobalSection
EndGlobal
